github.com/merliot/dean v0.0.0-20231207053908-77d8c28fec03 h1:l/VRDMEVw0QmCcKiUQ7no1psBkHVxFzDYeSOWXyJ6ys=
github.com/merliot/dean v0.0.0-20231207053908-77d8c28fec03/go.mod h1:uoIGfhAx8rt/TB3mDZcZWvO/+ajvNitFYYHSHBqqBrE=
github.com/merliot/target v0.0.0-20231204020951-ec4f97f7124c h1:s+7xvif7UpwU5CU9441aS9I//Hus5+u5ttfiyMbhjCY=
github.com/merliot/target v0.0.0-20231204020951-ec4f97f7124c/go.mod h1:OdRm1mHT6yPNBcnyajAYpaUx2dRXdq8p5OGxyQ1VIEk=
golang.org/x/crypto v0.16.0 h1:mMMrFzRSCF0GvB7Ne27XVtVAaXLrPmgPC7/v0tkwHaY=
golang.org/x/crypto v0.16.0/go.mod h1:gCAAfMLgwOJRpTjQ2zCCt2OcSfYMTeZVSRtQlPC7Nq4=
golang.org/x/net v0.19.0 h1:zTwKpTd2XuCqf8huc7Fo2iSy+4RHPd10s4KzeTnVr1c=
golang.org/x/net v0.19.0/go.mod h1:CfAk/cbD4CthTvqiEl8NpboMuiuOYsAr/7NOjZJtv1U=
golang.org/x/text v0.14.0 h1:ScX5w1eTa3QqT8oi6+ziP7dTV1S2+ALU0bI+0zXKWiQ=
golang.org/x/text v0.14.0/go.mod h1:18ZOQIKpY8NJVqYksKHtTdi31H5itFRjB5/qKTNYzSU=
